
Microsoft Visual Studio Solution File, Format Version 12.00
# Visual Studio 15
VisualStudioVersion = 15.0.27703.2042
MinimumVisualStudioVersion = 10.0.40219.1
Project("{FAE04EC0-301F-11D3-BF4B-00C04F79EFBC}") = "FileWatcher", "FileWatcher\FileWatcher.csproj", "{6EE04CBF-1EDE-4103-BAFF-4DC2C75CE631}"
EndProject
Global
	GlobalSection(SolutionConfigurationPlatforms) = preSolution
		Debug|Any CPU = Debug|Any CPU
		Release|Any CPU = Release|Any CPU
	EndGlobalSection
	GlobalSection(ProjectConfigurationPlatforms) = postSolution
		{6EE04CBF-1EDE-4103-BAFF-4DC2C75CE631}.Debug|Any CPU.ActiveCfg = Debug|Any CPU
		{6EE04CBF-1EDE-4103-BAFF-4DC2C75CE631}.Debug|Any CPU.Build.0 = Debug|Any CPU
		{6EE04CBF-1EDE-4103-BAFF-4DC2C75CE631}.Release|Any CPU.ActiveCfg = Release|Any CPU
		{6EE04CBF-1EDE-4103-BAFF-4DC2C75CE631}.Release|Any CPU.Build.0 = Release|Any CPU
	EndGlobalSection
	GlobalSection(SolutionProperties) = preSolution
		HideSolutionNode = FALSE
	EndGlobalSection
	GlobalSection(ExtensibilityGlobals) = postSolution
		SolutionGuid = {6B9F5908-1EAA-4043-B204-7FA643BC3CCF}
	EndGlobalSection
EndGlobal
